
Microsoft Visual Studio Solution File, Format Version 11.00
# Visual Studio 2010
Project("{FAE04EC0-301F-11D3-BF4B-00C04F79EFBC}") = "ProoOfConceptAutos", "ProoOfConceptAutos\ProoOfConceptAutos.csproj", "{0618B253-1682-4836-84FC-65C901F6C67F}"
EndProject
Project("{FAE04EC0-301F-11D3-BF4B-00C04F79EFBC}") = "AutosLib", "AutosLib\AutosLib.csproj", "{4E3F0155-DC74-4566-AE8F-F77713914465}"
EndProject
Project("{FAE04EC0-301F-11D3-BF4B-00C04F79EFBC}") = "ConfiguracionLib", "ConfiguracionLib\ConfiguracionLib.csproj", "{84B89F79-4858-40CE-9E1D-23269A50A507}"
EndProject
Global
	GlobalSection(SolutionConfigurationPlatforms) = preSolution
		Debug|Any CPU = Debug|Any CPU
		Debug|Mixed Platforms = Debug|Mixed Platforms
		Debug|x86 = Debug|x86
		Release|Any CPU = Release|Any CPU
		Release|Mixed Platforms = Release|Mixed Platforms
		Release|x86 = Release|x86
	EndGlobalSection
	GlobalSection(ProjectConfigurationPlatforms) = postSolution
		{0618B253-1682-4836-84FC-65C901F6C67F}.Debug|Any CPU.ActiveCfg = Debug|x86
		{0618B253-1682-4836-84FC-65C901F6C67F}.Debug|Mixed Platforms.ActiveCfg = Debug|x86
		{0618B253-1682-4836-84FC-65C901F6C67F}.Debug|Mixed Platforms.Build.0 = Debug|x86
		{0618B253-1682-4836-84FC-65C901F6C67F}.Debug|x86.ActiveCfg = Debug|x86
		{0618B253-1682-4836-84FC-65C901F6C67F}.Debug|x86.Build.0 = Debug|x86
		{0618B253-1682-4836-84FC-65C901F6C67F}.Release|Any CPU.ActiveCfg = Release|x86
		{0618B253-1682-4836-84FC-65C901F6C67F}.Release|Mixed Platforms.ActiveCfg = Release|x86
		{0618B253-1682-4836-84FC-65C901F6C67F}.Release|Mixed Platforms.Build.0 = Release|x86
		{0618B253-1682-4836-84FC-65C901F6C67F}.Release|x86.ActiveCfg = Release|x86
		{0618B253-1682-4836-84FC-65C901F6C67F}.Release|x86.Build.0 = Release|x86
		{4E3F0155-DC74-4566-AE8F-F77713914465}.Debug|Any CPU.ActiveCfg = Debug|Any CPU
		{4E3F0155-DC74-4566-AE8F-F77713914465}.Debug|Any CPU.Build.0 = Debug|Any CPU
		{4E3F0155-DC74-4566-AE8F-F77713914465}.Debug|Mixed Platforms.ActiveCfg = Debug|Any CPU
		{4E3F0155-DC74-4566-AE8F-F77713914465}.Debug|Mixed Platforms.Build.0 = Debug|Any CPU
		{4E3F0155-DC74-4566-AE8F-F77713914465}.Debug|x86.ActiveCfg = Debug|Any CPU
		{4E3F0155-DC74-4566-AE8F-F77713914465}.Release|Any CPU.ActiveCfg = Release|Any CPU
		{4E3F0155-DC74-4566-AE8F-F77713914465}.Release|Any CPU.Build.0 = Release|Any CPU
		{4E3F0155-DC74-4566-AE8F-F77713914465}.Release|Mixed Platforms.ActiveCfg = Release|Any CPU
		{4E3F0155-DC74-4566-AE8F-F77713914465}.Release|Mixed Platforms.Build.0 = Release|Any CPU
		{4E3F0155-DC74-4566-AE8F-F77713914465}.Release|x86.ActiveCfg = Release|Any CPU
		{84B89F79-4858-40CE-9E1D-23269A50A507}.Debug|Any CPU.ActiveCfg = Debug|Any CPU
		{84B89F79-4858-40CE-9E1D-23269A50A507}.Debug|Any CPU.Build.0 = Debug|Any CPU
		{84B89F79-4858-40CE-9E1D-23269A50A507}.Debug|Mixed Platforms.ActiveCfg = Debug|Any CPU
		{84B89F79-4858-40CE-9E1D-23269A50A507}.Debug|Mixed Platforms.Build.0 = Debug|Any CPU
		{84B89F79-4858-40CE-9E1D-23269A50A507}.Debug|x86.ActiveCfg = Debug|Any CPU
		{84B89F79-4858-40CE-9E1D-23269A50A507}.Release|Any CPU.ActiveCfg = Release|Any CPU
		{84B89F79-4858-40CE-9E1D-23269A50A507}.Release|Any CPU.Build.0 = Release|Any CPU
		{84B89F79-4858-40CE-9E1D-23269A50A507}.Release|Mixed Platforms.ActiveCfg = Release|Any CPU
		{84B89F79-4858-40CE-9E1D-23269A50A507}.Release|Mixed Platforms.Build.0 = Release|Any CPU
		{84B89F79-4858-40CE-9E1D-23269A50A507}.Release|x86.ActiveCfg = Release|Any CPU
	EndGlobalSection
	GlobalSection(SolutionProperties) = preSolution
		HideSolutionNode = FALSE
	EndGlobalSection
EndGlobal
